
Microsoft Visual Studio Solution File, Format Version 12.00
# Visual Studio 15
VisualStudioVersion = 15.0.26430.12
MinimumVisualStudioVersion = 10.0.40219.1
Project("{FAE04EC0-301F-11D3-BF4B-00C04F79EFBC}") = "Consol_app_01", "Consol_app_01\Consol_app_01.csproj", "{776AC431-554D-431A-A2AF-BEE4FAEA4CB0}"
EndProject
Global
	GlobalSection(SolutionConfigurationPlatforms) = preSolution
		Debug|Any CPU = Debug|Any CPU
		Release|Any CPU = Release|Any CPU
	EndGlobalSection
	GlobalSection(ProjectConfigurationPlatforms) = postSolution
		{776AC431-554D-431A-A2AF-BEE4FAEA4CB0}.Debug|Any CPU.ActiveCfg = Debug|Any CPU
		{776AC431-554D-431A-A2AF-BEE4FAEA4CB0}.Debug|Any CPU.Build.0 = Debug|Any CPU
		{776AC431-554D-431A-A2AF-BEE4FAEA4CB0}.Release|Any CPU.ActiveCfg = Release|Any CPU
		{776AC431-554D-431A-A2AF-BEE4FAEA4CB0}.Release|Any CPU.Build.0 = Release|Any CPU
	EndGlobalSection
	GlobalSection(SolutionProperties) = preSolution
		HideSolutionNode = FALSE
	EndGlobalSection
EndGlobal
